{
  "name": "dashwallet",
  "version": "0.7.0-1",
  "lockfileVersion": 2,
  "requires": true,
  "packages": {
    "": {
      "name": "dashwallet",
      "version": "0.7.0-1",
      "license": "SEE LICENSE IN LICENSE",
      "dependencies": {
        "dashhd": "^3.3.0",
        "dashphrase": "^1.4.0",
        "dashsight": "^1.6.1",
        "dashtx": "^0.13.2"
      }
    },
    "node_modules/dashhd": {
      "version": "3.3.0",
      "resolved": "https://registry.npmjs.org/dashhd/-/dashhd-3.3.0.tgz",
      "integrity": "sha512-1q80mdGC1RMopuoni/vNXtLIF37YSDE0B27sX6cGUpLb47sAU+uah6+WBAfNRNlXHShlBV5rHpUmAoG02HfPNQ==",
      "dependencies": {
        "dashkeys": "^1.0.0"
      }
    },
    "node_modules/dashkeys": {
      "version": "1.0.0",
      "resolved": "https://registry.npmjs.org/dashkeys/-/dashkeys-1.0.0.tgz",
      "integrity": "sha512-Ph3wlQEJUEYTSqBMVxIR/MuO9L2aIccvglTsB7Kws1ARPt1wW4iyNUT8axY954+ZqSNqVQKj7TSxxLe/IA/Q5w=="
    },
    "node_modules/dashphrase": {
      "version": "1.4.0",
      "resolved": "https://registry.npmjs.org/dashphrase/-/dashphrase-1.4.0.tgz",
      "integrity": "sha512-o+LdiPkiYmg07kXBE+2bbcJzBmeTQVPn1GS2XlQeo8lene+KknAprSyiYi5XtqV/QVgNjvzOV7qBst2MijSPAA=="
    },
    "node_modules/dashsight": {
      "version": "1.6.1",
      "resolved": "https://registry.npmjs.org/dashsight/-/dashsight-1.6.1.tgz",
      "integrity": "sha512-FCGeFO9NIic+Gzr9DwLTLY19xripHMbd3dHIrt+tXULHPaoBYs2P1GARqKuvYMWR0m+QXOcODs8Czlih6wXNYg==",
      "dependencies": {
        "dashtx": "^0.9.0-3"
      },
      "bin": {
        "dashsight-balance": "bin/balance.js",
        "dashsight-instantsend": "bin/instantsend.js",
        "dashsight-tx": "bin/tx.js",
        "dashsight-txs": "bin/txs.js",
        "dashsight-utxos": "bin/utxos.js"
      },
      "optionalDependencies": {
        "dotenv": "^16.0.1"
      }
    },
    "node_modules/dashsight/node_modules/dashtx": {
      "version": "0.9.0",
      "resolved": "https://registry.npmjs.org/dashtx/-/dashtx-0.9.0.tgz",
      "integrity": "sha512-DDbH5vPChUpOrYMOoM+6g/Iy99KqG4nkJ6f8TphnGibzAY7mitjMgtFSc62YzbZdoPGYeSPm8N4jmz+Mbwm7Eg==",
      "bin": {
        "dashtx-inspect": "bin/inspect.js"
      }
    },
    "node_modules/dashtx": {
      "version": "0.13.2",
      "resolved": "https://registry.npmjs.org/dashtx/-/dashtx-0.13.2.tgz",
      "integrity": "sha512-zBs5lqwfB6gxlY2uJ19CA2swMV2EC4Eyi2UizC+/Dha2Z9qvTt/8yYdpmUYEo9RLl4IOG+ZBYSb9zxvAq07IhA==",
      "bin": {
        "dashtx-inspect": "bin/inspect.js"
      }
    },
    "node_modules/dotenv": {
      "version": "16.0.3",
      "resolved": "https://registry.npmjs.org/dotenv/-/dotenv-16.0.3.tgz",
      "integrity": "sha512-7GO6HghkA5fYG9TYnNxi14/7K9f5occMlp3zXAuSxn7CKCxt9xbNWG7yF8hTCSUchlfWSe3uLmlPfigevRItzQ==",
      "optional": true,
      "engines": {
        "node": ">=12"
      }
    }
  },
  "dependencies": {
    "dashhd": {
      "version": "3.3.0",
      "resolved": "https://registry.npmjs.org/dashhd/-/dashhd-3.3.0.tgz",
      "integrity": "sha512-1q80mdGC1RMopuoni/vNXtLIF37YSDE0B27sX6cGUpLb47sAU+uah6+WBAfNRNlXHShlBV5rHpUmAoG02HfPNQ==",
      "requires": {
        "dashkeys": "^1.0.0"
      }
    },
    "dashkeys": {
      "version": "1.0.0",
      "resolved": "https://registry.npmjs.org/dashkeys/-/dashkeys-1.0.0.tgz",
      "integrity": "sha512-Ph3wlQEJUEYTSqBMVxIR/MuO9L2aIccvglTsB7Kws1ARPt1wW4iyNUT8axY954+ZqSNqVQKj7TSxxLe/IA/Q5w=="
    },
    "dashphrase": {
      "version": "1.4.0",
      "resolved": "https://registry.npmjs.org/dashphrase/-/dashphrase-1.4.0.tgz",
      "integrity": "sha512-o+LdiPkiYmg07kXBE+2bbcJzBmeTQVPn1GS2XlQeo8lene+KknAprSyiYi5XtqV/QVgNjvzOV7qBst2MijSPAA=="
    },
    "dashsight": {
      "version": "1.6.1",
      "resolved": "https://registry.npmjs.org/dashsight/-/dashsight-1.6.1.tgz",
      "integrity": "sha512-FCGeFO9NIic+Gzr9DwLTLY19xripHMbd3dHIrt+tXULHPaoBYs2P1GARqKuvYMWR0m+QXOcODs8Czlih6wXNYg==",
      "requires": {
        "dashtx": "^0.9.0-3",
        "dotenv": "^16.0.1"
      },
      "dependencies": {
        "dashtx": {
          "version": "0.9.0",
          "resolved": "https://registry.npmjs.org/dashtx/-/dashtx-0.9.0.tgz",
          "integrity": "sha512-DDbH5vPChUpOrYMOoM+6g/Iy99KqG4nkJ6f8TphnGibzAY7mitjMgtFSc62YzbZdoPGYeSPm8N4jmz+Mbwm7Eg=="
        }
      }
    },
    "dashtx": {
      "version": "0.13.2",
      "resolved": "https://registry.npmjs.org/dashtx/-/dashtx-0.13.2.tgz",
      "integrity": "sha512-zBs5lqwfB6gxlY2uJ19CA2swMV2EC4Eyi2UizC+/Dha2Z9qvTt/8yYdpmUYEo9RLl4IOG+ZBYSb9zxvAq07IhA=="
    },
    "dotenv": {
      "version": "16.0.3",
      "resolved": "https://registry.npmjs.org/dotenv/-/dotenv-16.0.3.tgz",
      "integrity": "sha512-7GO6HghkA5fYG9TYnNxi14/7K9f5occMlp3zXAuSxn7CKCxt9xbNWG7yF8hTCSUchlfWSe3uLmlPfigevRItzQ==",
      "optional": true
    }
  }
}
